// !$*UTF8*$!
{
	archiveVersion = 1;
	classes = {
	};
	objectVersion = 48;
	objects = {

/* Begin PBXBuildFile section */
		F0BC7C581F4CCE1F00577CF7 /* AppDelegate.swift in Sources */ = {isa = PBXBuildFile; fileRef = F0BC7C571F4CCE1F00577CF7 /* AppDelegate.swift */; };
		F0BC7C5A1F4CCE1F00577CF7 /* ViewController.swift in Sources */ = {isa = PBXBuildFile; fileRef = F0BC7C591F4CCE1F00577CF7 /* ViewController.swift */; };
		F0BC7C5D1F4CCE1F00577CF7 /* Main.storyboard in Resources */ = {isa = PBXBuildFile; fileRef = F0BC7C5B1F4CCE1F00577CF7 /* Main.storyboard */; };
		F0BC7C5F1F4CCE1F00577CF7 /* Assets.xcassets in Resources */ = {isa = PBXBuildFile; fileRef = F0BC7C5E1F4CCE1F00577CF7 /* Assets.xcassets */; };
		F0BC7C621F4CCE1F00577CF7 /* LaunchScreen.storyboard in Resources */ = {isa = PBXBuildFile; fileRef = F0BC7C601F4CCE1F00577CF7 /* LaunchScreen.storyboard */; };
/* End PBXBuildFile section */

/* Begin PBXFileReference section */
		F0BC7C541F4CCE1F00577CF7 /* clever-image.app */ = {isa = PBXFileReference; explicitFileType = wrapper.application; includeInIndex = 0; path = "clever-image.app"; sourceTree = BUILT_PRODUCTS_DIR; };
		F0BC7C571F4CCE1F00577CF7 /* AppDelegate.swift */ = {isa = PBXFileReference; lastKnownFileType = sourcecode.swift; path = AppDelegate.swift; sourceTree = "<group>"; };
		F0BC7C591F4CCE1F00577CF7 /* ViewController.swift */ = {isa = PBXFileReference; lastKnownFileType = sourcecode.swift; path = ViewController.swift; sourceTree = "<group>"; };
		F0BC7C5C1F4CCE1F00577CF7 /* Base */ = {isa = PBXFileReference; lastKnownFileType = file.storyboard; name = Base; path = Base.lproj/Main.storyboard; sourceTree = "<group>"; };
		F0BC7C5E1F4CCE1F00577CF7 /* Assets.xcassets */ = {isa = PBXFileReference; lastKnownFileType = folder.assetcatalog; path = Assets.xcassets; sourceTree = "<group>"; };
		F0BC7C611F4CCE1F00577CF7 /* Base */ = {isa = PBXFileReference; lastKnownFileType = file.storyboard; name = Base; path = Base.lproj/LaunchScreen.storyboard; sourceTree = "<group>"; };
		F0BC7C631F4CCE1F00577CF7 /* Info.plist */ = {isa = PBXFileReference; lastKnownFileType = text.plist.xml; path = Info.plist; sourceTree = "<group>"; };
		F0D445F71F4EE6B5007C620D /* GoogLeNetPlaces.mlmodel */ = {isa = PBXFileReference; lastKnownFileType = file.mlmodel; path = GoogLeNetPlaces.mlmodel; sourceTree = "<group>"; };
/* End PBXFileReference section */

/* Begin PBXFrameworksBuildPhase section */
		F0BC7C511F4CCE1F00577CF7 /* Frameworks */ = {
			isa = PBXFrameworksBuildPhase;
			buildActionMask = 2147483647;
			files = (
			);
			runOnlyForDeploymentPostprocessing = 0;
		};
/* End PBXFrameworksBuildPhase section */

/* Begin PBXGroup section */
		F0BC7C4B1F4CCE1F00577CF7 = {
			isa = PBXGroup;
			children = (
				F0BC7C561F4CCE1F00577CF7 /* clever-image */,
				F0BC7C551F4CCE1F00577CF7 /* Products */,
			);
			sourceTree = "<group>";
		};
		F0BC7C551F4CCE1F00577CF7 /* Products */ = {
			isa = PBXGroup;
			children = (
				F0BC7C541F4CCE1F00577CF7 /* clever-image.app */,
			);
			name = Products;
			sourceTree = "<group>";
		};
		F0BC7C561F4CCE1F00577CF7 /* clever-image */ = {
			isa = PBXGroup;
			children = (
				F0BC7C571F4CCE1F00577CF7 /* AppDelegate.swift */,
				F0BC7C591F4CCE1F00577CF7 /* ViewController.swift */,
				F0BC7C5B1F4CCE1F00577CF7 /* Main.storyboard */,
				F0BC7C5E1F4CCE1F00577CF7 /* Assets.xcassets */,
				F0BC7C601F4CCE1F00577CF7 /* LaunchScreen.storyboard */,
				F0BC7C631F4CCE1F00577CF7 /* Info.plist */,
				F0D445F71F4EE6B5007C620D /* GoogLeNetPlaces.mlmodel */,
			);
			path = "clever-image";
			sourceTree = "<group>";
		};
/* End PBXGroup section */

/* Begin PBXNativeTarget section */
		F0BC7C531F4CCE1F00577CF7 /* clever-image */ = {
			isa = PBXNativeTarget;
			buildConfigurationList = F0BC7C661F4CCE1F00577CF7 /* Build configuration list for PBXNativeTarget "clever-image" */;
			buildPhases = (
				F0BC7C501F4CCE1F00577CF7 /* Sources */,
				F0BC7C511F4CCE1F00577CF7 /* Frameworks */,
				F0BC7C521F4CCE1F00577CF7 /* Resources */,
			);
			buildRules = (
			);
			dependencies = (
			);
			name = "clever-image";
			productName = "clever-image";
			productReference = F0BC7C541F4CCE1F00577CF7 /* clever-image.app */;
			productType = "com.apple.product-type.application";
		};
/* End PBXNativeTarget section */

/* Begin PBXProject section */
		F0BC7C4C1F4CCE1F00577CF7 /* Project object */ = {
			isa = PBXProject;
			attributes = {
				LastSwiftUpdateCheck = 0900;
				LastUpgradeCheck = 0900;
				ORGANIZATIONNAME = on3;
				TargetAttributes = {
					F0BC7C531F4CCE1F00577CF7 = {
						CreatedOnToolsVersion = 9.0;
						ProvisioningStyle = Automatic;
					};
				};
			};
			buildConfigurationList = F0BC7C4F1F4CCE1F00577CF7 /* Build configuration list for PBXProject "clever-image" */;
			compatibilityVersion = "Xcode 8.0";
			developmentRegion = en;
			hasScannedForEncodings = 0;
			knownRegions = (
				en,
				Base,
			);
			mainGroup = F0BC7C4B1F4CCE1F00577CF7;
			productRefGroup = F0BC7C551F4CCE1F00577CF7 /* Products */;
			projectDirPath = "";
			projectRoot = "";
			targets = (
				F0BC7C531F4CCE1F00577CF7 /* clever-image */,
			);
		};
/* End PBXProject section */

/* Begin PBXResourcesBuildPhase section */
		F0BC7C521F4CCE1F00577CF7 /* Resources */ = {
			isa = PBXResourcesBuildPhase;
			buildActionMask = 2147483647;
			files = (
				F0BC7C621F4CCE1F00577CF7 /* LaunchScreen.storyboard in Resources */,
				F0BC7C5F1F4CCE1F00577CF7 /* Assets.xcassets in Resources */,
				F0BC7C5D1F4CCE1F00577CF7 /* Main.storyboard in Resources */,
			);
			runOnlyForDeploymentPostprocessing = 0;
		};
/* End PBXResourcesBuildPhase section */

/* Begin PBXSourcesBuildPhase section */
		F0BC7C501F4CCE1F00577CF7 /* Sources */ = {
			isa = PBXSourcesBuildPhase;
			buildActionMask = 2147483647;
			files = (
				F0BC7C5A1F4CCE1F00577CF7 /* ViewController.swift in Sources */,
				F0BC7C581F4CCE1F00577CF7 /* AppDelegate.swift in Sources */,
			);
			runOnlyForDeploymentPostprocessing = 0;
		};
/* End PBXSourcesBuildPhase section */

/* Begin PBXVariantGroup section */
		F0BC7C5B1F4CCE1F00577CF7 /* Main.storyboard */ = {
			isa = PBXVariantGroup;
			children = (
				F0BC7C5C1F4CCE1F00577CF7 /* Base */,
			);
			name = Main.storyboard;
			sourceTree = "<group>";
		};
		F0BC7C601F4CCE1F00577CF7 /* LaunchScreen.storyboard */ = {
			isa = PBXVariantGroup;
			children = (
				F0BC7C611F4CCE1F00577CF7 /* Base */,
			);
			name = LaunchScreen.storyboard;
			sourceTree = "<group>";
		};
/* End PBXVariantGroup section */

/* Begin XCBuildConfiguration section */
		F0BC7C641F4CCE1F00577CF7 /* Debug */ = {
			isa = XCBuildConfiguration;
			buildSettings = {
				ALWAYS_SEARCH_USER_PATHS = NO;
				CLANG_ANALYZER_NONNULL = YES;
				CLANG_ANALYZER_NUMBER_OBJECT_CONVERSION = YES_AGGRESSIVE;
				CLANG_CXX_LANGUAGE_STANDARD = "gnu++14";
				CLANG_CXX_LIBRARY = "libc++";
				CLANG_ENABLE_MODULES = YES;
				CLANG_ENABLE_OBJC_ARC = YES;
				CLANG_WARN_BLOCK_CAPTURE_AUTORELEASING = YES;
				CLANG_WARN_BOOL_CONVERSION = YES;
				CLANG_WARN_COMMA = YES;
				CLANG_WARN_CONSTANT_CONVERSION = YES;
				CLANG_WARN_DIRECT_OBJC_ISA_USAGE = YES_ERROR;
				CLANG_WARN_DOCUMENTATION_COMMENTS = YES;
				CLANG_WARN_EMPTY_BODY = YES;
				CLANG_WARN_ENUM_CONVERSION = YES;
				CLANG_WARN_INFINITE_RECURSION = YES;
				CLANG_WARN_INT_CONVERSION = YES;
				CLANG_WARN_NON_LITERAL_NULL_CONVERSION = YES;
				CLANG_WARN_OBJC_LITERAL_CONVERSION = YES;
				CLANG_WARN_OBJC_ROOT_CLASS = YES_ERROR;
				CLANG_WARN_RANGE_LOOP_ANALYSIS = YES;
				CLANG_WARN_STRICT_PROTOTYPES = YES;
				CLANG_WARN_SUSPICIOUS_MOVE = YES;
				CLANG_WARN_UNGUARDED_AVAILABILITY = YES_AGGRESSIVE;
				CLANG_WARN_UNREACHABLE_CODE = YES;
				CLANG_WARN__DUPLICATE_METHOD_MATCH = YES;
				CODE_SIGN_IDENTITY = "iPhone Developer";
				COPY_PHASE_STRIP = NO;
				DEBUG_INFORMATION_FORMAT = dwarf;
				ENABLE_STRICT_OBJC_MSGSEND = YES;
				ENABLE_TESTABILITY = YES;
				GCC_C_LANGUAGE_STANDARD = gnu11;
				GCC_DYNAMIC_NO_PIC = NO;
				GCC_NO_COMMON_BLOCKS = YES;
				GCC_OPTIMIZATION_LEVEL = 0;
				GCC_PREPROCESSOR_DEFINITIONS = (
					"DEBUG=1",
					"$(inherited)",
				);
				GCC_WARN_64_TO_32_BIT_CONVERSION = YES;
				GCC_WARN_ABOUT_RETURN_TYPE = YES_ERROR;
				GCC_WARN_UNDECLARED_SELECTOR = YES;
				GCC_WARN_UNINITIALIZED_AUTOS = YES_AGGRESSIVE;
				GCC_WARN_UNUSED_FUNCTION = YES;
				GCC_WARN_UNUSED_VARIABLE = YES;
				IPHONEOS_DEPLOYMENT_TARGET = 11.0;
				MTL_ENABLE_DEBUG_INFO = YES;
				ONLY_ACTIVE_ARCH = YES;
				SDKROOT = iphoneos;
				SWIFT_ACTIVE_COMPILATION_CONDITIONS = DEBUG;
				SWIFT_OPTIMIZATION_LEVEL = "-Onone";
			};
			name = Debug;
		};
		F0BC7C651F4CCE1F00577CF7 /* Release */ = {
			isa = XCBuildConfiguration;
			buildSettings = {
				ALWAYS_SEARCH_USER_PATHS = NO;
				CLANG_ANALYZER_NONNULL = YES;
				CLANG_ANALYZER_NUMBER_OBJECT_CONVERSION = YES_AGGRESSIVE;
				CLANG_CXX_LANGUAGE_STANDARD = "gnu++14";
				CLANG_CXX_LIBRARY = "libc++";
				CLANG_ENABLE_MODULES = YES;
				CLANG_ENABLE_OBJC_ARC = YES;
				CLANG_WARN_BLOCK_CAPTURE_AUTORELEASING = YES;
				CLANG_WARN_BOOL_CONVERSION = YES;
				CLANG_WARN_COMMA = YES;
				CLANG_WARN_CONSTANT_CONVERSION = YES;
				CLANG_WARN_DIRECT_OBJC_ISA_USAGE = YES_ERROR;
				CLANG_WARN_DOCUMENTATION_COMMENTS = YES;
				CLANG_WARN_EMPTY_BODY = YES;
				CLANG_WARN_ENUM_CONVERSION = YES;
				CLANG_WARN_INFINITE_RECURSION = YES;
				CLANG_WARN_INT_CONVERSION = YES;
				CLANG_WARN_NON_LITERAL_NULL_CONVERSION = YES;
				CLANG_WARN_OBJC_LITERAL_CONVERSION = YES;
				CLANG_WARN_OBJC_ROOT_CLASS = YES_ERROR;
				CLANG_WARN_RANGE_LOOP_ANALYSIS = YES;
				CLANG_WARN_STRICT_PROTOTYPES = YES;
				CLANG_WARN_SUSPICIOUS_MOVE = YES;
				CLANG_WARN_UNGUARDED_AVAILABILITY = YES_AGGRESSIVE;
				CLANG_WARN_UNREACHABLE_CODE = YES;
				CLANG_WARN__DUPLICATE_METHOD_MATCH = YES;
				CODE_SIGN_IDENTITY = "iPhone Developer";
				COPY_PHASE_STRIP = NO;
				DEBUG_INFORMATION_FORMAT = "dwarf-with-dsym";
				ENABLE_NS_ASSERTIONS = NO;
				ENABLE_STRICT_OBJC_MSGSEND = YES;
				GCC_C_LANGUAGE_STANDARD = gnu11;
				GCC_NO_COMMON_BLOCKS = YES;
				GCC_WARN_64_TO_32_BIT_CONVERSION = YES;
				GCC_WARN_ABOUT_RETURN_TYPE = YES_ERROR;
				GCC_WARN_UNDECLARED_SELECTOR = YES;
				GCC_WARN_UNINITIALIZED_AUTOS = YES_AGGRESSIVE;
				GCC_WARN_UNUSED_FUNCTION = YES;
				GCC_WARN_UNUSED_VARIABLE = YES;
				IPHONEOS_DEPLOYMENT_TARGET = 11.0;
				MTL_ENABLE_DEBUG_INFO = NO;
				SDKROOT = iphoneos;
				SWIFT_OPTIMIZATION_LEVEL = "-Owholemodule";
				VALIDATE_PRODUCT = YES;
			};
			name = Release;
		};
		F0BC7C671F4CCE1F00577CF7 /* Debug */ = {
			isa = XCBuildConfiguration;
			buildSettings = {
				ASSETCATALOG_COMPILER_APPICON_NAME = AppIcon;
				CODE_SIGN_STYLE = Automatic;
				DEVELOPMENT_TEAM = F4GB6K2J56;
				INFOPLIST_FILE = "clever-image/Info.plist";
				LD_RUNPATH_SEARCH_PATHS = "$(inherited) @executable_path/Frameworks";
				PRODUCT_BUNDLE_IDENTIFIER = "com.on3.clever-image";
				PRODUCT_NAME = "$(TARGET_NAME)";
				SWIFT_VERSION = 4.0;
				TARGETED_DEVICE_FAMILY = "1,2";
			};
			name = Debug;
		};
		F0BC7C681F4CCE1F00577CF7 /* Release */ = {
			isa = XCBuildConfiguration;
			buildSettings = {
				ASSETCATALOG_COMPILER_APPICON_NAME = AppIcon;
				CODE_SIGN_STYLE = Automatic;
				DEVELOPMENT_TEAM = F4GB6K2J56;
				INFOPLIST_FILE = "clever-image/Info.plist";
				LD_RUNPATH_SEARCH_PATHS = "$(inherited) @executable_path/Frameworks";
				PRODUCT_BUNDLE_IDENTIFIER = "com.on3.clever-image";
				PRODUCT_NAME = "$(TARGET_NAME)";
				SWIFT_VERSION = 4.0;
				TARGETED_DEVICE_FAMILY = "1,2";
			};
			name = Release;
		};
/* End XCBuildConfiguration section */

/* Begin XCConfigurationList section */
		F0BC7C4F1F4CCE1F00577CF7 /* Build configuration list for PBXProject "clever-image" */ = {
			isa = XCConfigurationList;
			buildConfigurations = (
				F0BC7C641F4CCE1F00577CF7 /* Debug */,
				F0BC7C651F4CCE1F00577CF7 /* Release */,
			);
			defaultConfigurationIsVisible = 0;
			defaultConfigurationName = Release;
		};
		F0BC7C661F4CCE1F00577CF7 /* Build configuration list for PBXNativeTarget "clever-image" */ = {
			isa = XCConfigurationList;
			buildConfigurations = (
				F0BC7C671F4CCE1F00577CF7 /* Debug */,
				F0BC7C681F4CCE1F00577CF7 /* Release */,
			);
			defaultConfigurationIsVisible = 0;
			defaultConfigurationName = Release;
		};
/* End XCConfigurationList section */
	};
	rootObject = F0BC7C4C1F4CCE1F00577CF7 /* Project object */;
}
